
Microsoft Visual Studio Solution File, Format Version 12.00
# Visual Studio Version 17
VisualStudioVersion = 17.6.33829.357
MinimumVisualStudioVersion = 10.0.40219.1
Project("{FAE04EC0-301F-11D3-BF4B-00C04F79EFBC}") = "For4", "For4\For4.csproj", "{FD328078-2D45-4C23-8FCC-63B54A7FAB4F}"
EndProject
Global
	GlobalSection(SolutionConfigurationPlatforms) = preSolution
		Debug|Any CPU = Debug|Any CPU
		Release|Any CPU = Release|Any CPU
	EndGlobalSection
	GlobalSection(ProjectConfigurationPlatforms) = postSolution
		{FD328078-2D45-4C23-8FCC-63B54A7FAB4F}.Debug|Any CPU.ActiveCfg = Debug|Any CPU
		{FD328078-2D45-4C23-8FCC-63B54A7FAB4F}.Debug|Any CPU.Build.0 = Debug|Any CPU
		{FD328078-2D45-4C23-8FCC-63B54A7FAB4F}.Release|Any CPU.ActiveCfg = Release|Any CPU
		{FD328078-2D45-4C23-8FCC-63B54A7FAB4F}.Release|Any CPU.Build.0 = Release|Any CPU
	EndGlobalSection
	GlobalSection(SolutionProperties) = preSolution
		HideSolutionNode = FALSE
	EndGlobalSection
	GlobalSection(ExtensibilityGlobals) = postSolution
		SolutionGuid = {BDF90542-8B1A-4973-B848-17F334A60A8D}
	EndGlobalSection
EndGlobal
